// !$*UTF8*$!
{
	archiveVersion = 1;
	classes = {
	};
	objectVersion = 50;
	objects = {

/* Begin PBXBuildFile section */
		B550CCB72271522E004C60E6 /* AppDelegate.swift in Sources */ = {isa = PBXBuildFile; fileRef = B550CCB62271522E004C60E6 /* AppDelegate.swift */; };
		B550CCB92271522E004C60E6 /* ViewController.swift in Sources */ = {isa = PBXBuildFile; fileRef = B550CCB82271522E004C60E6 /* ViewController.swift */; };
		B550CCBC2271522E004C60E6 /* Main.storyboard in Resources */ = {isa = PBXBuildFile; fileRef = B550CCBA2271522E004C60E6 /* Main.storyboard */; };
		B550CCBE2271522F004C60E6 /* Assets.xcassets in Resources */ = {isa = PBXBuildFile; fileRef = B550CCBD2271522F004C60E6 /* Assets.xcassets */; };
		B550CCC12271522F004C60E6 /* LaunchScreen.storyboard in Resources */ = {isa = PBXBuildFile; fileRef = B550CCBF2271522F004C60E6 /* LaunchScreen.storyboard */; };
		B5657166227308DD0096057E /* FileManager.swift in Sources */ = {isa = PBXBuildFile; fileRef = B565715F227308DD0096057E /* FileManager.swift */; };
		B5657167227308DD0096057E /* WalletManager.swift in Sources */ = {isa = PBXBuildFile; fileRef = B5657160227308DD0096057E /* WalletManager.swift */; };
		B5657168227308DD0096057E /* HPBWalletModel.swift in Sources */ = {isa = PBXBuildFile; fileRef = B5657162227308DD0096057E /* HPBWalletModel.swift */; };
		B5657169227308DD0096057E /* Date+Extension.swift in Sources */ = {isa = PBXBuildFile; fileRef = B5657164227308DD0096057E /* Date+Extension.swift */; };
		B565716A227308DD0096057E /* Data+Extension.swift in Sources */ = {isa = PBXBuildFile; fileRef = B5657165227308DD0096057E /* Data+Extension.swift */; };
		F16AEF1B14A3A33CF53FA877 /* libPods-Demo.a in Frameworks */ = {isa = PBXBuildFile; fileRef = F8A6B4C4D74B8872BAEA619C /* libPods-Demo.a */; };
/* End PBXBuildFile section */

/* Begin PBXFileReference section */
		5ED89BFB9D3574224AA1FAE7 /* Pods-Demo.debug.xcconfig */ = {isa = PBXFileReference; includeInIndex = 1; lastKnownFileType = text.xcconfig; name = "Pods-Demo.debug.xcconfig"; path = "Target Support Files/Pods-Demo/Pods-Demo.debug.xcconfig"; sourceTree = "<group>"; };
		B550CCB32271522E004C60E6 /* Demo.app */ = {isa = PBXFileReference; explicitFileType = wrapper.application; includeInIndex = 0; path = Demo.app; sourceTree = BUILT_PRODUCTS_DIR; };
		B550CCB62271522E004C60E6 /* AppDelegate.swift */ = {isa = PBXFileReference; lastKnownFileType = sourcecode.swift; path = AppDelegate.swift; sourceTree = "<group>"; };
		B550CCB82271522E004C60E6 /* ViewController.swift */ = {isa = PBXFileReference; lastKnownFileType = sourcecode.swift; path = ViewController.swift; sourceTree = "<group>"; };
		B550CCBB2271522E004C60E6 /* Base */ = {isa = PBXFileReference; lastKnownFileType = file.storyboard; name = Base; path = Base.lproj/Main.storyboard; sourceTree = "<group>"; };
		B550CCBD2271522F004C60E6 /* Assets.xcassets */ = {isa = PBXFileReference; lastKnownFileType = folder.assetcatalog; path = Assets.xcassets; sourceTree = "<group>"; };
		B550CCC02271522F004C60E6 /* Base */ = {isa = PBXFileReference; lastKnownFileType = file.storyboard; name = Base; path = Base.lproj/LaunchScreen.storyboard; sourceTree = "<group>"; };
		B550CCC22271522F004C60E6 /* Info.plist */ = {isa = PBXFileReference; lastKnownFileType = text.plist.xml; path = Info.plist; sourceTree = "<group>"; };
		B565715F227308DD0096057E /* FileManager.swift */ = {isa = PBXFileReference; fileEncoding = 4; lastKnownFileType = sourcecode.swift; path = FileManager.swift; sourceTree = "<group>"; };
		B5657160227308DD0096057E /* WalletManager.swift */ = {isa = PBXFileReference; fileEncoding = 4; lastKnownFileType = sourcecode.swift; path = WalletManager.swift; sourceTree = "<group>"; };
		B5657162227308DD0096057E /* HPBWalletModel.swift */ = {isa = PBXFileReference; fileEncoding = 4; lastKnownFileType = sourcecode.swift; path = HPBWalletModel.swift; sourceTree = "<group>"; };
		B5657164227308DD0096057E /* Date+Extension.swift */ = {isa = PBXFileReference; fileEncoding = 4; lastKnownFileType = sourcecode.swift; path = "Date+Extension.swift"; sourceTree = "<group>"; };
		B5657165227308DD0096057E /* Data+Extension.swift */ = {isa = PBXFileReference; fileEncoding = 4; lastKnownFileType = sourcecode.swift; path = "Data+Extension.swift"; sourceTree = "<group>"; };
		F36841BB9D89B4686BB567F1 /* Pods-Demo.release.xcconfig */ = {isa = PBXFileReference; includeInIndex = 1; lastKnownFileType = text.xcconfig; name = "Pods-Demo.release.xcconfig"; path = "Target Support Files/Pods-Demo/Pods-Demo.release.xcconfig"; sourceTree = "<group>"; };
		F8A6B4C4D74B8872BAEA619C /* libPods-Demo.a */ = {isa = PBXFileReference; explicitFileType = archive.ar; includeInIndex = 0; path = "libPods-Demo.a"; sourceTree = BUILT_PRODUCTS_DIR; };
/* End PBXFileReference section */

/* Begin PBXFrameworksBuildPhase section */
		B550CCB02271522E004C60E6 /* Frameworks */ = {
			isa = PBXFrameworksBuildPhase;
			buildActionMask = 2147483647;
			files = (
				F16AEF1B14A3A33CF53FA877 /* libPods-Demo.a in Frameworks */,
			);
			runOnlyForDeploymentPostprocessing = 0;
		};
/* End PBXFrameworksBuildPhase section */

/* Begin PBXGroup section */
		7D537DD7FCDA261B014A7FE4 /* Frameworks */ = {
			isa = PBXGroup;
			children = (
				F8A6B4C4D74B8872BAEA619C /* libPods-Demo.a */,
			);
			name = Frameworks;
			sourceTree = "<group>";
		};
		B550CCAA2271522E004C60E6 = {
			isa = PBXGroup;
			children = (
				B550CCB52271522E004C60E6 /* Demo */,
				B550CCB42271522E004C60E6 /* Products */,
				E317A61F9C88960E80DAD6C1 /* Pods */,
				7D537DD7FCDA261B014A7FE4 /* Frameworks */,
			);
			sourceTree = "<group>";
		};
		B550CCB42271522E004C60E6 /* Products */ = {
			isa = PBXGroup;
			children = (
				B550CCB32271522E004C60E6 /* Demo.app */,
			);
			name = Products;
			sourceTree = "<group>";
		};
		B550CCB52271522E004C60E6 /* Demo */ = {
			isa = PBXGroup;
			children = (
				B5657163227308DD0096057E /* Extension */,
				B565715E227308DD0096057E /* Manager */,
				B5657161227308DD0096057E /* Model */,
				B550CCB62271522E004C60E6 /* AppDelegate.swift */,
				B550CCB82271522E004C60E6 /* ViewController.swift */,
				B550CCBA2271522E004C60E6 /* Main.storyboard */,
				B550CCBD2271522F004C60E6 /* Assets.xcassets */,
				B550CCBF2271522F004C60E6 /* LaunchScreen.storyboard */,
				B550CCC22271522F004C60E6 /* Info.plist */,
			);
			path = Demo;
			sourceTree = "<group>";
		};
		B565715E227308DD0096057E /* Manager */ = {
			isa = PBXGroup;
			children = (
				B565715F227308DD0096057E /* FileManager.swift */,
				B5657160227308DD0096057E /* WalletManager.swift */,
			);
			path = Manager;
			sourceTree = "<group>";
		};
		B5657161227308DD0096057E /* Model */ = {
			isa = PBXGroup;
			children = (
				B5657162227308DD0096057E /* HPBWalletModel.swift */,
			);
			path = Model;
			sourceTree = "<group>";
		};
		B5657163227308DD0096057E /* Extension */ = {
			isa = PBXGroup;
			children = (
				B5657164227308DD0096057E /* Date+Extension.swift */,
				B5657165227308DD0096057E /* Data+Extension.swift */,
			);
			path = Extension;
			sourceTree = "<group>";
		};
		E317A61F9C88960E80DAD6C1 /* Pods */ = {
			isa = PBXGroup;
			children = (
				5ED89BFB9D3574224AA1FAE7 /* Pods-Demo.debug.xcconfig */,
				F36841BB9D89B4686BB567F1 /* Pods-Demo.release.xcconfig */,
			);
			path = Pods;
			sourceTree = "<group>";
		};
/* End PBXGroup section */

/* Begin PBXNativeTarget section */
		B550CCB22271522E004C60E6 /* Demo */ = {
			isa = PBXNativeTarget;
			buildConfigurationList = B550CCC52271522F004C60E6 /* Build configuration list for PBXNativeTarget "Demo" */;
			buildPhases = (
				DFB7CE1663E72807CCC41B72 /* [CP] Check Pods Manifest.lock */,
				B550CCAF2271522E004C60E6 /* Sources */,
				B550CCB02271522E004C60E6 /* Frameworks */,
				B550CCB12271522E004C60E6 /* Resources */,
			);
			buildRules = (
			);
			dependencies = (
			);
			name = Demo;
			productName = Demo;
			productReference = B550CCB32271522E004C60E6 /* Demo.app */;
			productType = "com.apple.product-type.application";
		};
/* End PBXNativeTarget section */

/* Begin PBXProject section */
		B550CCAB2271522E004C60E6 /* Project object */ = {
			isa = PBXProject;
			attributes = {
				LastSwiftUpdateCheck = 1010;
				LastUpgradeCheck = 1010;
				ORGANIZATIONNAME = "HPB Foundation";
				TargetAttributes = {
					B550CCB22271522E004C60E6 = {
						CreatedOnToolsVersion = 10.1;
					};
				};
			};
			buildConfigurationList = B550CCAE2271522E004C60E6 /* Build configuration list for PBXProject "Demo" */;
			compatibilityVersion = "Xcode 9.3";
			developmentRegion = en;
			hasScannedForEncodings = 0;
			knownRegions = (
				en,
				Base,
			);
			mainGroup = B550CCAA2271522E004C60E6;
			productRefGroup = B550CCB42271522E004C60E6 /* Products */;
			projectDirPath = "";
			projectRoot = "";
			targets = (
				B550CCB22271522E004C60E6 /* Demo */,
			);
		};
/* End PBXProject section */

/* Begin PBXResourcesBuildPhase section */
		B550CCB12271522E004C60E6 /* Resources */ = {
			isa = PBXResourcesBuildPhase;
			buildActionMask = 2147483647;
			files = (
				B550CCC12271522F004C60E6 /* LaunchScreen.storyboard in Resources */,
				B550CCBE2271522F004C60E6 /* Assets.xcassets in Resources */,
				B550CCBC2271522E004C60E6 /* Main.storyboard in Resources */,
			);
			runOnlyForDeploymentPostprocessing = 0;
		};
/* End PBXResourcesBuildPhase section */

/* Begin PBXShellScriptBuildPhase section */
		DFB7CE1663E72807CCC41B72 /* [CP] Check Pods Manifest.lock */ = {
			isa = PBXShellScriptBuildPhase;
			buildActionMask = 2147483647;
			files = (
			);
			inputFileListPaths = (
			);
			inputPaths = (
				"${PODS_PODFILE_DIR_PATH}/Podfile.lock",
				"${PODS_ROOT}/Manifest.lock",
			);
			name = "[CP] Check Pods Manifest.lock";
			outputFileListPaths = (
			);
			outputPaths = (
				"$(DERIVED_FILE_DIR)/Pods-Demo-checkManifestLockResult.txt",
			);
			runOnlyForDeploymentPostprocessing = 0;
			shellPath = /bin/sh;
			shellScript = "diff \"${PODS_PODFILE_DIR_PATH}/Podfile.lock\" \"${PODS_ROOT}/Manifest.lock\" > /dev/null\nif [ $? != 0 ] ; then\n    # print error to STDERR\n    echo \"error: The sandbox is not in sync with the Podfile.lock. Run 'pod install' or update your CocoaPods installation.\" >&2\n    exit 1\nfi\n# This output is used by Xcode 'outputs' to avoid re-running this script phase.\necho \"SUCCESS\" > \"${SCRIPT_OUTPUT_FILE_0}\"\n";
			showEnvVarsInLog = 0;
		};
/* End PBXShellScriptBuildPhase section */

/* Begin PBXSourcesBuildPhase section */
		B550CCAF2271522E004C60E6 /* Sources */ = {
			isa = PBXSourcesBuildPhase;
			buildActionMask = 2147483647;
			files = (
				B5657166227308DD0096057E /* FileManager.swift in Sources */,
				B565716A227308DD0096057E /* Data+Extension.swift in Sources */,
				B550CCB92271522E004C60E6 /* ViewController.swift in Sources */,
				B5657167227308DD0096057E /* WalletManager.swift in Sources */,
				B5657168227308DD0096057E /* HPBWalletModel.swift in Sources */,
				B550CCB72271522E004C60E6 /* AppDelegate.swift in Sources */,
				B5657169227308DD0096057E /* Date+Extension.swift in Sources */,
			);
			runOnlyForDeploymentPostprocessing = 0;
		};
/* End PBXSourcesBuildPhase section */

/* Begin PBXVariantGroup section */
		B550CCBA2271522E004C60E6 /* Main.storyboard */ = {
			isa = PBXVariantGroup;
			children = (
				B550CCBB2271522E004C60E6 /* Base */,
			);
			name = Main.storyboard;
			sourceTree = "<group>";
		};
		B550CCBF2271522F004C60E6 /* LaunchScreen.storyboard */ = {
			isa = PBXVariantGroup;
			children = (
				B550CCC02271522F004C60E6 /* Base */,
			);
			name = LaunchScreen.storyboard;
			sourceTree = "<group>";
		};
/* End PBXVariantGroup section */

/* Begin XCBuildConfiguration section */
		B550CCC32271522F004C60E6 /* Debug */ = {
			isa = XCBuildConfiguration;
			buildSettings = {
				ALWAYS_SEARCH_USER_PATHS = NO;
				CLANG_ANALYZER_NONNULL = YES;
				CLANG_ANALYZER_NUMBER_OBJECT_CONVERSION = YES_AGGRESSIVE;
				CLANG_CXX_LANGUAGE_STANDARD = "gnu++14";
				CLANG_CXX_LIBRARY = "libc++";
				CLANG_ENABLE_MODULES = YES;
				CLANG_ENABLE_OBJC_ARC = YES;
				CLANG_ENABLE_OBJC_WEAK = YES;
				CLANG_WARN_BLOCK_CAPTURE_AUTORELEASING = YES;
				CLANG_WARN_BOOL_CONVERSION = YES;
				CLANG_WARN_COMMA = YES;
				CLANG_WARN_CONSTANT_CONVERSION = YES;
				CLANG_WARN_DEPRECATED_OBJC_IMPLEMENTATIONS = YES;
				CLANG_WARN_DIRECT_OBJC_ISA_USAGE = YES_ERROR;
				CLANG_WARN_DOCUMENTATION_COMMENTS = YES;
				CLANG_WARN_EMPTY_BODY = YES;
				CLANG_WARN_ENUM_CONVERSION = YES;
				CLANG_WARN_INFINITE_RECURSION = YES;
				CLANG_WARN_INT_CONVERSION = YES;
				CLANG_WARN_NON_LITERAL_NULL_CONVERSION = YES;
				CLANG_WARN_OBJC_IMPLICIT_RETAIN_SELF = YES;
				CLANG_WARN_OBJC_LITERAL_CONVERSION = YES;
				CLANG_WARN_OBJC_ROOT_CLASS = YES_ERROR;
				CLANG_WARN_RANGE_LOOP_ANALYSIS = YES;
				CLANG_WARN_STRICT_PROTOTYPES = YES;
				CLANG_WARN_SUSPICIOUS_MOVE = YES;
				CLANG_WARN_UNGUARDED_AVAILABILITY = YES_AGGRESSIVE;
				CLANG_WARN_UNREACHABLE_CODE = YES;
				CLANG_WARN__DUPLICATE_METHOD_MATCH = YES;
				CODE_SIGN_IDENTITY = "iPhone Developer";
				COPY_PHASE_STRIP = NO;
				DEBUG_INFORMATION_FORMAT = dwarf;
				ENABLE_STRICT_OBJC_MSGSEND = YES;
				ENABLE_TESTABILITY = YES;
				GCC_C_LANGUAGE_STANDARD = gnu11;
				GCC_DYNAMIC_NO_PIC = NO;
				GCC_NO_COMMON_BLOCKS = YES;
				GCC_OPTIMIZATION_LEVEL = 0;
				GCC_PREPROCESSOR_DEFINITIONS = (
					"DEBUG=1",
					"$(inherited)",
				);
				GCC_WARN_64_TO_32_BIT_CONVERSION = YES;
				GCC_WARN_ABOUT_RETURN_TYPE = YES_ERROR;
				GCC_WARN_UNDECLARED_SELECTOR = YES;
				GCC_WARN_UNINITIALIZED_AUTOS = YES_AGGRESSIVE;
				GCC_WARN_UNUSED_FUNCTION = YES;
				GCC_WARN_UNUSED_VARIABLE = YES;
				IPHONEOS_DEPLOYMENT_TARGET = 12.1;
				MTL_ENABLE_DEBUG_INFO = INCLUDE_SOURCE;
				MTL_FAST_MATH = YES;
				ONLY_ACTIVE_ARCH = YES;
				SDKROOT = iphoneos;
				SWIFT_ACTIVE_COMPILATION_CONDITIONS = DEBUG;
				SWIFT_OPTIMIZATION_LEVEL = "-Onone";
			};
			name = Debug;
		};
		B550CCC42271522F004C60E6 /* Release */ = {
			isa = XCBuildConfiguration;
			buildSettings = {
				ALWAYS_SEARCH_USER_PATHS = NO;
				CLANG_ANALYZER_NONNULL = YES;
				CLANG_ANALYZER_NUMBER_OBJECT_CONVERSION = YES_AGGRESSIVE;
				CLANG_CXX_LANGUAGE_STANDARD = "gnu++14";
				CLANG_CXX_LIBRARY = "libc++";
				CLANG_ENABLE_MODULES = YES;
				CLANG_ENABLE_OBJC_ARC = YES;
				CLANG_ENABLE_OBJC_WEAK = YES;
				CLANG_WARN_BLOCK_CAPTURE_AUTORELEASING = YES;
				CLANG_WARN_BOOL_CONVERSION = YES;
				CLANG_WARN_COMMA = YES;
				CLANG_WARN_CONSTANT_CONVERSION = YES;
				CLANG_WARN_DEPRECATED_OBJC_IMPLEMENTATIONS = YES;
				CLANG_WARN_DIRECT_OBJC_ISA_USAGE = YES_ERROR;
				CLANG_WARN_DOCUMENTATION_COMMENTS = YES;
				CLANG_WARN_EMPTY_BODY = YES;
				CLANG_WARN_ENUM_CONVERSION = YES;
				CLANG_WARN_INFINITE_RECURSION = YES;
				CLANG_WARN_INT_CONVERSION = YES;
				CLANG_WARN_NON_LITERAL_NULL_CONVERSION = YES;
				CLANG_WARN_OBJC_IMPLICIT_RETAIN_SELF = YES;
				CLANG_WARN_OBJC_LITERAL_CONVERSION = YES;
				CLANG_WARN_OBJC_ROOT_CLASS = YES_ERROR;
				CLANG_WARN_RANGE_LOOP_ANALYSIS = YES;
				CLANG_WARN_STRICT_PROTOTYPES = YES;
				CLANG_WARN_SUSPICIOUS_MOVE = YES;
				CLANG_WARN_UNGUARDED_AVAILABILITY = YES_AGGRESSIVE;
				CLANG_WARN_UNREACHABLE_CODE = YES;
				CLANG_WARN__DUPLICATE_METHOD_MATCH = YES;
				CODE_SIGN_IDENTITY = "iPhone Developer";
				COPY_PHASE_STRIP = NO;
				DEBUG_INFORMATION_FORMAT = "dwarf-with-dsym";
				ENABLE_NS_ASSERTIONS = NO;
				ENABLE_STRICT_OBJC_MSGSEND = YES;
				GCC_C_LANGUAGE_STANDARD = gnu11;
				GCC_NO_COMMON_BLOCKS = YES;
				GCC_WARN_64_TO_32_BIT_CONVERSION = YES;
				GCC_WARN_ABOUT_RETURN_TYPE = YES_ERROR;
				GCC_WARN_UNDECLARED_SELECTOR = YES;
				GCC_WARN_UNINITIALIZED_AUTOS = YES_AGGRESSIVE;
				GCC_WARN_UNUSED_FUNCTION = YES;
				GCC_WARN_UNUSED_VARIABLE = YES;
				IPHONEOS_DEPLOYMENT_TARGET = 12.1;
				MTL_ENABLE_DEBUG_INFO = NO;
				MTL_FAST_MATH = YES;
				SDKROOT = iphoneos;
				SWIFT_COMPILATION_MODE = wholemodule;
				SWIFT_OPTIMIZATION_LEVEL = "-O";
				VALIDATE_PRODUCT = YES;
			};
			name = Release;
		};
		B550CCC62271522F004C60E6 /* Debug */ = {
			isa = XCBuildConfiguration;
			baseConfigurationReference = 5ED89BFB9D3574224AA1FAE7 /* Pods-Demo.debug.xcconfig */;
			buildSettings = {
				ASSETCATALOG_COMPILER_APPICON_NAME = AppIcon;
				CODE_SIGN_STYLE = Manual;
				DEVELOPMENT_TEAM = "";
				INFOPLIST_FILE = Demo/Info.plist;
				IPHONEOS_DEPLOYMENT_TARGET = 9.0;
				LD_RUNPATH_SEARCH_PATHS = (
					"$(inherited)",
					"@executable_path/Frameworks",
				);
				PRODUCT_BUNDLE_IDENTIFIER = io.hpb.Demo;
				PRODUCT_NAME = "$(TARGET_NAME)";
				PROVISIONING_PROFILE_SPECIFIER = "";
				SWIFT_VERSION = 4.2;
				TARGETED_DEVICE_FAMILY = 1;
			};
			name = Debug;
		};
		B550CCC72271522F004C60E6 /* Release */ = {
			isa = XCBuildConfiguration;
			baseConfigurationReference = F36841BB9D89B4686BB567F1 /* Pods-Demo.release.xcconfig */;
			buildSettings = {
				ASSETCATALOG_COMPILER_APPICON_NAME = AppIcon;
				CODE_SIGN_STYLE = Manual;
				DEVELOPMENT_TEAM = "";
				INFOPLIST_FILE = Demo/Info.plist;
				IPHONEOS_DEPLOYMENT_TARGET = 9.0;
				LD_RUNPATH_SEARCH_PATHS = (
					"$(inherited)",
					"@executable_path/Frameworks",
				);
				PRODUCT_BUNDLE_IDENTIFIER = io.hpb.Demo;
				PRODUCT_NAME = "$(TARGET_NAME)";
				PROVISIONING_PROFILE_SPECIFIER = "";
				SWIFT_VERSION = 4.2;
				TARGETED_DEVICE_FAMILY = 1;
			};
			name = Release;
		};
/* End XCBuildConfiguration section */

/* Begin XCConfigurationList section */
		B550CCAE2271522E004C60E6 /* Build configuration list for PBXProject "Demo" */ = {
			isa = XCConfigurationList;
			buildConfigurations = (
				B550CCC32271522F004C60E6 /* Debug */,
				B550CCC42271522F004C60E6 /* Release */,
			);
			defaultConfigurationIsVisible = 0;
			defaultConfigurationName = Release;
		};
		B550CCC52271522F004C60E6 /* Build configuration list for PBXNativeTarget "Demo" */ = {
			isa = XCConfigurationList;
			buildConfigurations = (
				B550CCC62271522F004C60E6 /* Debug */,
				B550CCC72271522F004C60E6 /* Release */,
			);
			defaultConfigurationIsVisible = 0;
			defaultConfigurationName = Release;
		};
/* End XCConfigurationList section */
	};
	rootObject = B550CCAB2271522E004C60E6 /* Project object */;
}
